
Microsoft Visual Studio Solution File, Format Version 12.00
# Visual Studio Version 17
VisualStudioVersion = 17.5.33627.172
MinimumVisualStudioVersion = 10.0.40219.1
Project("{FAE04EC0-301F-11D3-BF4B-00C04F79EFBC}") = "FindMaxUsingGenerics", "FindMaxUsingGenerics\FindMaxUsingGenerics.csproj", "{DD50B9A3-081F-4038-B3E2-BA441956374B}"
EndProject
Global
	GlobalSection(SolutionConfigurationPlatforms) = preSolution
		Debug|Any CPU = Debug|Any CPU
		Release|Any CPU = Release|Any CPU
	EndGlobalSection
	GlobalSection(ProjectConfigurationPlatforms) = postSolution
		{DD50B9A3-081F-4038-B3E2-BA441956374B}.Debug|Any CPU.ActiveCfg = Debug|Any CPU
		{DD50B9A3-081F-4038-B3E2-BA441956374B}.Debug|Any CPU.Build.0 = Debug|Any CPU
		{DD50B9A3-081F-4038-B3E2-BA441956374B}.Release|Any CPU.ActiveCfg = Release|Any CPU
		{DD50B9A3-081F-4038-B3E2-BA441956374B}.Release|Any CPU.Build.0 = Release|Any CPU
	EndGlobalSection
	GlobalSection(SolutionProperties) = preSolution
		HideSolutionNode = FALSE
	EndGlobalSection
	GlobalSection(ExtensibilityGlobals) = postSolution
		SolutionGuid = {B9E4E356-5D7B-4CB8-8EFF-989C1C139974}
	EndGlobalSection
EndGlobal
